
Microsoft Visual Studio Solution File, Format Version 12.00
# Visual Studio Version 17
VisualStudioVersion = 17.1.32328.378
MinimumVisualStudioVersion = 10.0.40219.1
Project("{FAE04EC0-301F-11D3-BF4B-00C04F79EFBC}") = "Performance2", "Performance2\Performance2.csproj", "{0CB6B492-25CB-48B4-8695-F3ABB563E9D6}"
EndProject
Project("{FAE04EC0-301F-11D3-BF4B-00C04F79EFBC}") = "Performance2.Data", "Performance2.Data\Performance2.Data.csproj", "{093B39D5-BA9E-4E05-BE2E-165D0AB8F1F8}"
EndProject
Project("{FAE04EC0-301F-11D3-BF4B-00C04F79EFBC}") = "Performance2.Services", "Performance.Services\Performance2.Services.csproj", "{64039427-9109-4C92-9666-4E6610D9BE2C}"
EndProject
Global
	GlobalSection(SolutionConfigurationPlatforms) = preSolution
		Debug|Any CPU = Debug|Any CPU
		Release|Any CPU = Release|Any CPU
	EndGlobalSection
	GlobalSection(ProjectConfigurationPlatforms) = postSolution
		{0CB6B492-25CB-48B4-8695-F3ABB563E9D6}.Debug|Any CPU.ActiveCfg = Debug|Any CPU
		{0CB6B492-25CB-48B4-8695-F3ABB563E9D6}.Debug|Any CPU.Build.0 = Debug|Any CPU
		{0CB6B492-25CB-48B4-8695-F3ABB563E9D6}.Release|Any CPU.ActiveCfg = Release|Any CPU
		{0CB6B492-25CB-48B4-8695-F3ABB563E9D6}.Release|Any CPU.Build.0 = Release|Any CPU
		{093B39D5-BA9E-4E05-BE2E-165D0AB8F1F8}.Debug|Any CPU.ActiveCfg = Debug|Any CPU
		{093B39D5-BA9E-4E05-BE2E-165D0AB8F1F8}.Debug|Any CPU.Build.0 = Debug|Any CPU
		{093B39D5-BA9E-4E05-BE2E-165D0AB8F1F8}.Release|Any CPU.ActiveCfg = Release|Any CPU
		{093B39D5-BA9E-4E05-BE2E-165D0AB8F1F8}.Release|Any CPU.Build.0 = Release|Any CPU
		{64039427-9109-4C92-9666-4E6610D9BE2C}.Debug|Any CPU.ActiveCfg = Debug|Any CPU
		{64039427-9109-4C92-9666-4E6610D9BE2C}.Debug|Any CPU.Build.0 = Debug|Any CPU
		{64039427-9109-4C92-9666-4E6610D9BE2C}.Release|Any CPU.ActiveCfg = Release|Any CPU
		{64039427-9109-4C92-9666-4E6610D9BE2C}.Release|Any CPU.Build.0 = Release|Any CPU
	EndGlobalSection
	GlobalSection(SolutionProperties) = preSolution
		HideSolutionNode = FALSE
	EndGlobalSection
	GlobalSection(ExtensibilityGlobals) = postSolution
		SolutionGuid = {62FFB475-571F-428D-8132-854133182717}
	EndGlobalSection
EndGlobal
